<Solution>
  <Folder Name="/Admin/">
    <Project Path="Admin/Admin.API/Admin.API.csproj" Id="59e28e5f-a661-4c94-b7cd-f74ebcfd9b4c" />
    <Project Path="Admin/Admin.Repositorio/Admin.Repositorio.csproj" Id="029505cd-e664-4997-b302-c82ccd4efb2f" />
    <Project Path="Admin/Admin.Servicos/Admin.Servicos.csproj" Id="9156c156-38cc-40c6-b7f2-7b735faa51f7" />
  </Folder>
  <Folder Name="/Auth/">
    <Project Path="Auth.Repositorio/Auth.Repositorio.csproj" />
    <Project Path="Auth.Servicos/Auth.Servicos.csproj">
      <BuildDependency Project="Auth.Repositorio/Auth.Repositorio.csproj" />
    </Project>
    <Project Path="Auth/Auth.csproj">
      <BuildDependency Project="Auth.Servicos/Auth.Servicos.csproj" />
    </Project>
  </Folder>
  <Folder Name="/CrossCutting/">
    <Project Path="CrossCutting/Auditoria/Auditoria.csproj" />
    <Project Path="CrossCutting/Bibliotecas/Bibliotecas.csproj" />
    <Project Path="CrossCutting/Middlewares/Middlewares.csproj" />
    <Project Path="CrossCutting/Model/Model.csproj" Id="4dce9491-4fec-4cba-be79-40acdc52b3cf" />
  </Folder>
  <Folder Name="/Escolar/">
    <Project Path="Escolar/Escolar.API/Escolar.API.csproj" Id="4afdeaf8-1044-4b73-a5d1-d06410a87469" />
    <Project Path="Escolar/Escolar.Repositorio/Escolar.Repositorio.csproj" Id="d1ebdab5-d81c-4279-9ee0-cb49d3c1ca6b" />
    <Project Path="Escolar/Escolar.Servicos/Escolar.Servicos.csproj" Id="69efd8b8-c0cb-48d3-a71b-d9bdb3964455" />
  </Folder>
  <Project Path="API.Gateway/API.Gateway.csproj" Id="8280f6c4-0cd2-4eb5-a4c8-fe50cb8e1b47" />
</Solution>
