<Solution>
  <Folder Name="/Auth/">
    <Project Path="Auth.Repositorio/Auth.Repositorio.csproj" />
    <Project Path="Auth.Servicos/Auth.Servicos.csproj">
      <BuildDependency Project="Auth.Repositorio/Auth.Repositorio.csproj" />
    </Project>
    <Project Path="Auth/Auth.csproj">
      <BuildDependency Project="Auth.Servicos/Auth.Servicos.csproj" />
    </Project>
  </Folder>
  <Folder Name="/CrossCutting/">
    <Project Path="CrossCutting/Auditoria/Auditoria.csproj" />
    <Project Path="CrossCutting/Bibliotecas/Bibliotecas.csproj" />
    <Project Path="CrossCutting/Middlewares/Middlewares.csproj" />
    <Project Path="CrossCutting/Model/Model.csproj" Id="4dce9491-4fec-4cba-be79-40acdc52b3cf" />
  </Folder>
</Solution>
