<Solution>
  <Folder Name="/Auth/">
    <Project Path="Usuarios.Repositorio/Usuarios.Repositorio.csproj" />
    <Project Path="Usuarios.Servicos/Usuarios.Servicos.csproj">
      <BuildDependency Project="Usuarios.Repositorio/Usuarios.Repositorio.csproj" />
    </Project>
    <Project Path="Usuarios/Auth.csproj">
      <BuildDependency Project="Usuarios.Servicos/Usuarios.Servicos.csproj" />
    </Project>
  </Folder>
  <Folder Name="/CrossCutting/">
    <Project Path="Auditoria/Auditoria.csproj" />
    <Project Path="Bibliotecas/Bibliotecas.csproj" />
    <Project Path="Middlewares/Middlewares.csproj" />
    <Project Path="Model/Model.csproj" Id="4dce9491-4fec-4cba-be79-40acdc52b3cf" />
  </Folder>
</Solution>
